github.com/DATA-DOG/go-sqlmock v1.5.0 h1:Shsta01QNfFxHCfpW6YH2STWB0MudeXXEWMr20OEh60=
github.com/DATA-DOG/go-sqlmock v1.5.0/go.mod h1:f/Ixk793poVmq4qj/V1dPUg2JEAKC73Q5eFN3EC/SaM=
github.com/davecgh/go-spew v1.1.1 h1:vj9j/u1bqnv7KfBdmm15q1hux5MNQ1jEF9kygq08y09=
github.com/davecgh/go-spew v1.1.1/go.mod h1:J7Y8YcW2NihsgmVo/mv3lAwl/skON4iLHjSsI+c5H38=
github.com/google/go-cmp v0.2.0 h1:+dTQ8DZQJz0Mb/HjFlkptS1FeQ4cWSnN941F8aEG4SQ=
github.com/google/go-cmp v0.2.0/go.mod h1:oXzfMopK8JAjlY9xF4vHSVASa0yE0y3Gsph5D0QT5iQ=
github.com/josharian/native v1.0.0 h1:5FhE3FcwZ4vXqN7d5rA53q+Z76a9Gf7oxMskr/MTE50=
github.com/josharian/native v1.0.0/go.mod h1:t0mNf0X8C5a0T+Y+wN7Z9S98O7zX6Tq1w3OqzMXXy50=
github.com/mdlayher/genetlink v1.0.0 h1:8828VlP1vY09Z4Cid4s48O2+gDYa35pA3uI2sT1j8x8=
github.com/mdlayher/genetlink v1.0.0/go.mod h1:2yD965/u47YgXgOQ1i8O652O/F43Qad9c+im+N6v4BM=
github.com/mdlayher/netlink v1.1.0 h1:iXF9uHlYeqq37g05fIk2M0s9sHz5O/E543n81lM29zI=
github.com/mdlayher/netlink v1.1.0/go.mod h1:nK4e/1o0X4jC429/Fbz2ZfXQJ3v/u6C5x454+d3w3Yw=
github.com/mdlayher/wifi v0.1.0 h1:ghXPltFKsFMNX6OXv0okIXF4OAJVGZUNWKOXsF29pXs=
github.com/mdlayher/wifi v0.1.0/go.mod h1:Pp85QWv0q2w5HO8w/tVz6V8cgu069wS6Mmn67KkU/4I=
github.com/pmezard/go-difflib v1.0.0 h1:4DBwDE0NGyQoBHb8rRMdsEfuutrAkuyllcx9b5QjY/g=
github.com/pmezard/go-difflib v1.0.0/go.mod h1:iKH77koFhYxTK1pcRnkKkqfTogsbg7gZNVY4sRDYZ/4=
github.com/stretchr/objx v0.5.0 h1:1zr/n21fSYpJjkn1BhXp8vJQu371cZSRh6ondl0cYs0=
github.com/stretchr/objx v0.5.0/go.mod h1:Yh+to48EsGEzA2DNYz+u5YhCA9+6mWqGzsPjDFuW8hE=
github.com/stretchr/testify v1.8.4 h1:CcVxjf3Q8PM0mHUKJCdn+eZZtm5yQwehR5yeSVQQcUk=
github.com/stretchr/testify v1.8.4/go.mod h1:sz/lmYIOXD/1dqDmKjjqLyZ2RngseejIcXlSw2iwfAo=
golang.org/x/crypto v0.0.0-20190308221718-c2843e01d9a2/go.mod h1:djNgcEr1/C05ACkg1iLfiJU5Ep61QUkGW8qpdssI0+w=
golang.org/x/net v0.0.0-20190311183353-d8887717615a/go.mod h1:t9HGtf8HONx5eT2rtn7q6eTqICYqUVnKs3thJo3Qplg=
golang.org/x/sync v0.0.0-20190227155943-e225da77a7e6 h1:bjcDU8On0kL3P+0yXf0kLpjA6h5CtsY6752Dq+rE9e8=
golang.org/x/sync v0.0.0-20190227155943-e225da77a7e6/go.mod h1:RxMgew5VJxzue5/jJTE5uejpjVlOe/izrB70Jof72aM=
golang.org/x/sys v0.0.0-20190215142949-d0b11bdaac8a/go.mod h1:STP8AfD9nI+87XBOIZ39rU9s7XipG0nyq8ROx5GHGlg=
golang.org/x/sys v0.0.0-20190403152447-81d4e9dc473e h1:k4Xj0X92l4Vf3oZ18p/2T27FwN0wO5q/bhO8r4V/uFM=
golang.org/x/sys v0.0.0-20190403152447-81d4e9dc473e/go.mod h1:h1NjWce9XRLGQEsW75462Q6RfATEYJQBW5hFLhKl62M=
golang.org/x/text v0.3.0/go.mod h1:NqM8EUOU14njkJ3fqMW+pc6Ldnwhi/IjpwVu7yy5Glq=
gopkg.in/check.v1 v0.0.0-20161208181325-20d25e280405 h1:yhCVgyC4o1eVCa2tZl7eS0r+SDo693bJlVdllGtEeKM=
gopkg.in/check.v1 v0.0.0-20161208181325-20d25e280405/go.mod h1:Co6ibVJAznAaIkqp8huTwlJQCZ016jof/cbN4VW5Yz0=
gopkg.in/yaml.v3 v3.0.1 h1:fxVm/GzAzEWqLHuvctI91KS9hhNmmWOoWu0XTYJS7CA=
gopkg.in/yaml.v3 v3.0.1/go.mod h1:K4uyk7z7BCEPqu6E+C64Yfv1cQ7AC7QEZDvjWlufovk=